
Microsoft Visual Studio Solution File, Format Version 12.00
# Visual Studio 15
VisualStudioVersion = 15.0.27130.2010
MinimumVisualStudioVersion = 10.0.40219.1
Project("{2150E333-8FDC-42A3-9474-1A3956D46DE8}") = "Engine", "Engine", "{0C83AAD5-13A4-4ADA-89A6-CA6E6EFE66E8}"
EndProject
Project("{2150E333-8FDC-42A3-9474-1A3956D46DE8}") = "Games", "Games", "{DBD49191-DFF3-4174-8FE1-533A97988FD9}"
EndProject
Project("{8BC9CEB8-8B4A-11D0-8D11-00A0C91BC942}") = "UE4", "Intermediate\ProjectFiles\UE4.vcxproj", "{06B11779-483B-4D06-8F31-E5FE07116A4E}"
EndProject
Project("{8BC9CEB8-8B4A-11D0-8D11-00A0C91BC942}") = "Escape", "Intermediate\ProjectFiles\Escape.vcxproj", "{B261053D-4336-4C6D-8668-9F48F68CAEA2}"
EndProject
Global
	GlobalSection(SolutionConfigurationPlatforms) = preSolution
		DebugGame Editor|HTML5 = DebugGame Editor|HTML5
		DebugGame Editor|Win32 = DebugGame Editor|Win32
		DebugGame Editor|Win64 = DebugGame Editor|Win64
		DebugGame|HTML5 = DebugGame|HTML5
		DebugGame|Win32 = DebugGame|Win32
		DebugGame|Win64 = DebugGame|Win64
		Development Editor|HTML5 = Development Editor|HTML5
		Development Editor|Win32 = Development Editor|Win32
		Development Editor|Win64 = Development Editor|Win64
		Development|HTML5 = Development|HTML5
		Development|Win32 = Development|Win32
		Development|Win64 = Development|Win64
		Shipping|HTML5 = Shipping|HTML5
		Shipping|Win32 = Shipping|Win32
		Shipping|Win64 = Shipping|Win64
	EndGlobalSection
	GlobalSection(ProjectConfigurationPlatforms) = postSolution
		{06B11779-483B-4D06-8F31-E5FE07116A4E}.DebugGame Editor|HTML5.ActiveCfg = BuiltWithUnrealBuildTool|Win32
		{06B11779-483B-4D06-8F31-E5FE07116A4E}.DebugGame Editor|HTML5.Build.0 = BuiltWithUnrealBuildTool|Win32
		{06B11779-483B-4D06-8F31-E5FE07116A4E}.DebugGame Editor|Win32.ActiveCfg = BuiltWithUnrealBuildTool|Win32
		{06B11779-483B-4D06-8F31-E5FE07116A4E}.DebugGame Editor|Win32.Build.0 = BuiltWithUnrealBuildTool|Win32
		{06B11779-483B-4D06-8F31-E5FE07116A4E}.DebugGame Editor|Win64.ActiveCfg = BuiltWithUnrealBuildTool|Win32
		{06B11779-483B-4D06-8F31-E5FE07116A4E}.DebugGame Editor|Win64.Build.0 = BuiltWithUnrealBuildTool|Win32
		{06B11779-483B-4D06-8F31-E5FE07116A4E}.DebugGame|HTML5.ActiveCfg = BuiltWithUnrealBuildTool|Win32
		{06B11779-483B-4D06-8F31-E5FE07116A4E}.DebugGame|HTML5.Build.0 = BuiltWithUnrealBuildTool|Win32
		{06B11779-483B-4D06-8F31-E5FE07116A4E}.DebugGame|Win32.ActiveCfg = BuiltWithUnrealBuildTool|Win32
		{06B11779-483B-4D06-8F31-E5FE07116A4E}.DebugGame|Win32.Build.0 = BuiltWithUnrealBuildTool|Win32
		{06B11779-483B-4D06-8F31-E5FE07116A4E}.DebugGame|Win64.ActiveCfg = BuiltWithUnrealBuildTool|Win32
		{06B11779-483B-4D06-8F31-E5FE07116A4E}.DebugGame|Win64.Build.0 = BuiltWithUnrealBuildTool|Win32
		{06B11779-483B-4D06-8F31-E5FE07116A4E}.Development Editor|HTML5.ActiveCfg = BuiltWithUnrealBuildTool|Win32
		{06B11779-483B-4D06-8F31-E5FE07116A4E}.Development Editor|HTML5.Build.0 = BuiltWithUnrealBuildTool|Win32
		{06B11779-483B-4D06-8F31-E5FE07116A4E}.Development Editor|Win32.ActiveCfg = BuiltWithUnrealBuildTool|Win32
		{06B11779-483B-4D06-8F31-E5FE07116A4E}.Development Editor|Win32.Build.0 = BuiltWithUnrealBuildTool|Win32
		{06B11779-483B-4D06-8F31-E5FE07116A4E}.Development Editor|Win64.ActiveCfg = BuiltWithUnrealBuildTool|Win32
		{06B11779-483B-4D06-8F31-E5FE07116A4E}.Development Editor|Win64.Build.0 = BuiltWithUnrealBuildTool|Win32
		{06B11779-483B-4D06-8F31-E5FE07116A4E}.Development|HTML5.ActiveCfg = BuiltWithUnrealBuildTool|Win32
		{06B11779-483B-4D06-8F31-E5FE07116A4E}.Development|HTML5.Build.0 = BuiltWithUnrealBuildTool|Win32
		{06B11779-483B-4D06-8F31-E5FE07116A4E}.Development|Win32.ActiveCfg = BuiltWithUnrealBuildTool|Win32
		{06B11779-483B-4D06-8F31-E5FE07116A4E}.Development|Win32.Build.0 = BuiltWithUnrealBuildTool|Win32
		{06B11779-483B-4D06-8F31-E5FE07116A4E}.Development|Win64.ActiveCfg = BuiltWithUnrealBuildTool|Win32
		{06B11779-483B-4D06-8F31-E5FE07116A4E}.Development|Win64.Build.0 = BuiltWithUnrealBuildTool|Win32
		{06B11779-483B-4D06-8F31-E5FE07116A4E}.Shipping|HTML5.ActiveCfg = BuiltWithUnrealBuildTool|Win32
		{06B11779-483B-4D06-8F31-E5FE07116A4E}.Shipping|HTML5.Build.0 = BuiltWithUnrealBuildTool|Win32
		{06B11779-483B-4D06-8F31-E5FE07116A4E}.Shipping|Win32.ActiveCfg = BuiltWithUnrealBuildTool|Win32
		{06B11779-483B-4D06-8F31-E5FE07116A4E}.Shipping|Win32.Build.0 = BuiltWithUnrealBuildTool|Win32
		{06B11779-483B-4D06-8F31-E5FE07116A4E}.Shipping|Win64.ActiveCfg = BuiltWithUnrealBuildTool|Win32
		{06B11779-483B-4D06-8F31-E5FE07116A4E}.Shipping|Win64.Build.0 = BuiltWithUnrealBuildTool|Win32
		{B261053D-4336-4C6D-8668-9F48F68CAEA2}.DebugGame Editor|HTML5.ActiveCfg = HTML5_DebugGame_Editor|Win32
		{B261053D-4336-4C6D-8668-9F48F68CAEA2}.DebugGame Editor|Win32.ActiveCfg = DebugGame_Editor|Win32
		{B261053D-4336-4C6D-8668-9F48F68CAEA2}.DebugGame Editor|Win64.ActiveCfg = DebugGame_Editor|x64
		{B261053D-4336-4C6D-8668-9F48F68CAEA2}.DebugGame Editor|Win64.Build.0 = DebugGame_Editor|x64
		{B261053D-4336-4C6D-8668-9F48F68CAEA2}.DebugGame|HTML5.ActiveCfg = HTML5_DebugGame_Game|Win32
		{B261053D-4336-4C6D-8668-9F48F68CAEA2}.DebugGame|HTML5.Build.0 = HTML5_DebugGame_Game|Win32
		{B261053D-4336-4C6D-8668-9F48F68CAEA2}.DebugGame|Win32.ActiveCfg = DebugGame_Game|Win32
		{B261053D-4336-4C6D-8668-9F48F68CAEA2}.DebugGame|Win32.Build.0 = DebugGame_Game|Win32
		{B261053D-4336-4C6D-8668-9F48F68CAEA2}.DebugGame|Win64.ActiveCfg = DebugGame_Game|x64
		{B261053D-4336-4C6D-8668-9F48F68CAEA2}.DebugGame|Win64.Build.0 = DebugGame_Game|x64
		{B261053D-4336-4C6D-8668-9F48F68CAEA2}.Development Editor|HTML5.ActiveCfg = HTML5_Development_Editor|Win32
		{B261053D-4336-4C6D-8668-9F48F68CAEA2}.Development Editor|Win32.ActiveCfg = Development_Editor|Win32
		{B261053D-4336-4C6D-8668-9F48F68CAEA2}.Development Editor|Win64.ActiveCfg = Development_Editor|x64
		{B261053D-4336-4C6D-8668-9F48F68CAEA2}.Development Editor|Win64.Build.0 = Development_Editor|x64
		{B261053D-4336-4C6D-8668-9F48F68CAEA2}.Development|HTML5.ActiveCfg = HTML5_Development_Game|Win32
		{B261053D-4336-4C6D-8668-9F48F68CAEA2}.Development|HTML5.Build.0 = HTML5_Development_Game|Win32
		{B261053D-4336-4C6D-8668-9F48F68CAEA2}.Development|Win32.ActiveCfg = Development_Game|Win32
		{B261053D-4336-4C6D-8668-9F48F68CAEA2}.Development|Win32.Build.0 = Development_Game|Win32
		{B261053D-4336-4C6D-8668-9F48F68CAEA2}.Development|Win64.ActiveCfg = Development_Game|x64
		{B261053D-4336-4C6D-8668-9F48F68CAEA2}.Development|Win64.Build.0 = Development_Game|x64
		{B261053D-4336-4C6D-8668-9F48F68CAEA2}.Shipping|HTML5.ActiveCfg = HTML5_Shipping_Game|Win32
		{B261053D-4336-4C6D-8668-9F48F68CAEA2}.Shipping|HTML5.Build.0 = HTML5_Shipping_Game|Win32
		{B261053D-4336-4C6D-8668-9F48F68CAEA2}.Shipping|Win32.ActiveCfg = Shipping_Game|Win32
		{B261053D-4336-4C6D-8668-9F48F68CAEA2}.Shipping|Win32.Build.0 = Shipping_Game|Win32
		{B261053D-4336-4C6D-8668-9F48F68CAEA2}.Shipping|Win64.ActiveCfg = Shipping_Game|x64
		{B261053D-4336-4C6D-8668-9F48F68CAEA2}.Shipping|Win64.Build.0 = Shipping_Game|x64
	EndGlobalSection
	GlobalSection(SolutionProperties) = preSolution
		HideSolutionNode = FALSE
	EndGlobalSection
	GlobalSection(NestedProjects) = preSolution
		{06B11779-483B-4D06-8F31-E5FE07116A4E} = {0C83AAD5-13A4-4ADA-89A6-CA6E6EFE66E8}
		{B261053D-4336-4C6D-8668-9F48F68CAEA2} = {DBD49191-DFF3-4174-8FE1-533A97988FD9}
	EndGlobalSection
	GlobalSection(ExtensibilityGlobals) = postSolution
		SolutionGuid = {A61C49CE-6A80-4957-B60E-18B6C6F75349}
	EndGlobalSection
EndGlobal
